
Microsoft Visual Studio Solution File, Format Version 12.00
# Visual Studio Version 16
VisualStudioVersion = 16.0.30907.101
MinimumVisualStudioVersion = 10.0.40219.1
Project("{FAE04EC0-301F-11D3-BF4B-00C04F79EFBC}") = "ASM", "ASM\ASM.csproj", "{0E803295-0CE9-4746-A1EE-C7DE41A4500B}"
EndProject
Global
	GlobalSection(SolutionConfigurationPlatforms) = preSolution
		Debug|Any CPU = Debug|Any CPU
		Release|Any CPU = Release|Any CPU
	EndGlobalSection
	GlobalSection(ProjectConfigurationPlatforms) = postSolution
		{0E803295-0CE9-4746-A1EE-C7DE41A4500B}.Debug|Any CPU.ActiveCfg = Debug|Any CPU
		{0E803295-0CE9-4746-A1EE-C7DE41A4500B}.Debug|Any CPU.Build.0 = Debug|Any CPU
		{0E803295-0CE9-4746-A1EE-C7DE41A4500B}.Release|Any CPU.ActiveCfg = Release|Any CPU
		{0E803295-0CE9-4746-A1EE-C7DE41A4500B}.Release|Any CPU.Build.0 = Release|Any CPU
	EndGlobalSection
	GlobalSection(SolutionProperties) = preSolution
		HideSolutionNode = FALSE
	EndGlobalSection
	GlobalSection(ExtensibilityGlobals) = postSolution
		SolutionGuid = {F44756E6-513F-4F88-BE91-24EF78EBDEDB}
	EndGlobalSection
EndGlobal
