
Microsoft Visual Studio Solution File, Format Version 12.00
# Visual Studio Version 16
VisualStudioVersion = 16.0.31313.79
MinimumVisualStudioVersion = 10.0.40219.1
Project("{FAE04EC0-301F-11D3-BF4B-00C04F79EFBC}") = "Lab8_", "Lab8_.csproj", "{F8D676BF-ACF5-47DC-ABB8-8E93338B197F}"
EndProject
Global
	GlobalSection(SolutionConfigurationPlatforms) = preSolution
		Debug|Any CPU = Debug|Any CPU
		Release|Any CPU = Release|Any CPU
	EndGlobalSection
	GlobalSection(ProjectConfigurationPlatforms) = postSolution
		{F8D676BF-ACF5-47DC-ABB8-8E93338B197F}.Debug|Any CPU.ActiveCfg = Debug|Any CPU
		{F8D676BF-ACF5-47DC-ABB8-8E93338B197F}.Debug|Any CPU.Build.0 = Debug|Any CPU
		{F8D676BF-ACF5-47DC-ABB8-8E93338B197F}.Release|Any CPU.ActiveCfg = Release|Any CPU
		{F8D676BF-ACF5-47DC-ABB8-8E93338B197F}.Release|Any CPU.Build.0 = Release|Any CPU
	EndGlobalSection
	GlobalSection(SolutionProperties) = preSolution
		HideSolutionNode = FALSE
	EndGlobalSection
	GlobalSection(ExtensibilityGlobals) = postSolution
		SolutionGuid = {BF0C6D35-1211-4FA8-88C0-594D39C2C1ED}
	EndGlobalSection
EndGlobal
