
Microsoft Visual Studio Solution File, Format Version 12.00
# Visual Studio Version 16
VisualStudioVersion = 16.0.31313.79
MinimumVisualStudioVersion = 10.0.40219.1
Project("{9A19103F-16F7-4668-BE54-9A1E7A4F7556}") = "demoSlide", "demoSlide.csproj", "{2C49E43A-88E8-48B2-BB3D-712D64771124}"
EndProject
Global
	GlobalSection(SolutionConfigurationPlatforms) = preSolution
		Debug|Any CPU = Debug|Any CPU
		Release|Any CPU = Release|Any CPU
	EndGlobalSection
	GlobalSection(ProjectConfigurationPlatforms) = postSolution
		{2C49E43A-88E8-48B2-BB3D-712D64771124}.Debug|Any CPU.ActiveCfg = Debug|Any CPU
		{2C49E43A-88E8-48B2-BB3D-712D64771124}.Debug|Any CPU.Build.0 = Debug|Any CPU
		{2C49E43A-88E8-48B2-BB3D-712D64771124}.Release|Any CPU.ActiveCfg = Release|Any CPU
		{2C49E43A-88E8-48B2-BB3D-712D64771124}.Release|Any CPU.Build.0 = Release|Any CPU
	EndGlobalSection
	GlobalSection(SolutionProperties) = preSolution
		HideSolutionNode = FALSE
	EndGlobalSection
	GlobalSection(ExtensibilityGlobals) = postSolution
		SolutionGuid = {89D7A01B-5CA9-4FCD-9073-BE9F20EFBB10}
	EndGlobalSection
EndGlobal
