
Microsoft Visual Studio Solution File, Format Version 12.00
# Visual Studio Version 16
VisualStudioVersion = 16.0.31313.79
MinimumVisualStudioVersion = 10.0.40219.1
Project("{FAE04EC0-301F-11D3-BF4B-00C04F79EFBC}") = "ASMGD1", "ASMGD1.csproj", "{FC75A47C-A76F-41F3-AD03-EE7611B34A1C}"
EndProject
Global
	GlobalSection(SolutionConfigurationPlatforms) = preSolution
		Debug|Any CPU = Debug|Any CPU
		Release|Any CPU = Release|Any CPU
	EndGlobalSection
	GlobalSection(ProjectConfigurationPlatforms) = postSolution
		{FC75A47C-A76F-41F3-AD03-EE7611B34A1C}.Debug|Any CPU.ActiveCfg = Debug|Any CPU
		{FC75A47C-A76F-41F3-AD03-EE7611B34A1C}.Debug|Any CPU.Build.0 = Debug|Any CPU
		{FC75A47C-A76F-41F3-AD03-EE7611B34A1C}.Release|Any CPU.ActiveCfg = Release|Any CPU
		{FC75A47C-A76F-41F3-AD03-EE7611B34A1C}.Release|Any CPU.Build.0 = Release|Any CPU
	EndGlobalSection
	GlobalSection(SolutionProperties) = preSolution
		HideSolutionNode = FALSE
	EndGlobalSection
	GlobalSection(ExtensibilityGlobals) = postSolution
		SolutionGuid = {8DC7DD6E-58D2-46A2-8B6B-FCF05ED79B32}
	EndGlobalSection
EndGlobal
